
Microsoft Visual Studio Solution File, Format Version 12.00
# Visual Studio Version 17
VisualStudioVersion = 17.8.34205.153
MinimumVisualStudioVersion = 10.0.40219.1
Project("{FAE04EC0-301F-11D3-BF4B-00C04F79EFBC}") = "Swallow", "Swallow.csproj", "{9EC32EE2-2536-4AD8-9B9C-BD82AE9634B1}"
EndProject
Global
	GlobalSection(SolutionConfigurationPlatforms) = preSolution
		Debug|Any CPU = Debug|Any CPU
		Release|Any CPU = Release|Any CPU
	EndGlobalSection
	GlobalSection(ProjectConfigurationPlatforms) = postSolution
		{9EC32EE2-2536-4AD8-9B9C-BD82AE9634B1}.Debug|Any CPU.ActiveCfg = Debug|Any CPU
		{9EC32EE2-2536-4AD8-9B9C-BD82AE9634B1}.Debug|Any CPU.Build.0 = Debug|Any CPU
		{9EC32EE2-2536-4AD8-9B9C-BD82AE9634B1}.Release|Any CPU.ActiveCfg = Release|Any CPU
		{9EC32EE2-2536-4AD8-9B9C-BD82AE9634B1}.Release|Any CPU.Build.0 = Release|Any CPU
	EndGlobalSection
	GlobalSection(SolutionProperties) = preSolution
		HideSolutionNode = FALSE
	EndGlobalSection
	GlobalSection(ExtensibilityGlobals) = postSolution
		SolutionGuid = {4D66F858-CB3D-436B-BD45-BB35C836F00C}
	EndGlobalSection
EndGlobal
